
Microsoft Visual Studio Solution File, Format Version 12.00
# Visual Studio 2013
VisualStudioVersion = 12.0.31101.0
MinimumVisualStudioVersion = 10.0.40219.1
Project("{FAE04EC0-301F-11D3-BF4B-00C04F79EFBC}") = "FranchiseChannel.Host", "FranchiseChannel.Host\FranchiseChannel.Host.csproj", "{7A4B28D8-C80E-4563-9E69-AAFA3E2B47B8}"
EndProject
Project("{FAE04EC0-301F-11D3-BF4B-00C04F79EFBC}") = "FranchiseChannel.Service", "FranchiseChannel.Service\FranchiseChannel.Service.csproj", "{9C2EE531-8D14-4204-8DC7-1AB2F8A7EBFD}"
EndProject
Global
	GlobalSection(SolutionConfigurationPlatforms) = preSolution
		Debug|Any CPU = Debug|Any CPU
		Release|Any CPU = Release|Any CPU
	EndGlobalSection
	GlobalSection(ProjectConfigurationPlatforms) = postSolution
		{7A4B28D8-C80E-4563-9E69-AAFA3E2B47B8}.Debug|Any CPU.ActiveCfg = Debug|Any CPU
		{7A4B28D8-C80E-4563-9E69-AAFA3E2B47B8}.Debug|Any CPU.Build.0 = Debug|Any CPU
		{7A4B28D8-C80E-4563-9E69-AAFA3E2B47B8}.Release|Any CPU.ActiveCfg = Release|Any CPU
		{7A4B28D8-C80E-4563-9E69-AAFA3E2B47B8}.Release|Any CPU.Build.0 = Release|Any CPU
		{9C2EE531-8D14-4204-8DC7-1AB2F8A7EBFD}.Debug|Any CPU.ActiveCfg = Debug|Any CPU
		{9C2EE531-8D14-4204-8DC7-1AB2F8A7EBFD}.Debug|Any CPU.Build.0 = Debug|Any CPU
		{9C2EE531-8D14-4204-8DC7-1AB2F8A7EBFD}.Release|Any CPU.ActiveCfg = Release|Any CPU
		{9C2EE531-8D14-4204-8DC7-1AB2F8A7EBFD}.Release|Any CPU.Build.0 = Release|Any CPU
	EndGlobalSection
	GlobalSection(SolutionProperties) = preSolution
		HideSolutionNode = FALSE
	EndGlobalSection
EndGlobal
